{
    "_readme": [
        "This file locks the dependencies of your project to a known state",
        "Read more about it at https://getcomposer.org/doc/01-basic-usage.md#installing-dependencies",
        "This file is @generated automatically"
    ],
    "content-hash": "0a7639e7a52bb7209d4c84f4d54d5f21",
    "packages": [
        {
            "name": "piphp/gpio",
            "version": "0.4.0",
            "source": {
                "type": "git",
                "url": "https://github.com/PiPHP/GPIO.git",
                "reference": "9288aa1b56c7ca85b182bbfb5225313ca7354093"
            },
            "dist": {
                "type": "zip",
                "url": "https://api.github.com/repos/PiPHP/GPIO/zipball/9288aa1b56c7ca85b182bbfb5225313ca7354093",
                "reference": "9288aa1b56c7ca85b182bbfb5225313ca7354093",
                "shasum": ""
            },
            "require": {
                "php": "^7.3||^8.0"
            },
            "require-dev": {
                "phpunit/phpunit": "^9.3"
            },
            "type": "library",
            "autoload": {
                "psr-4": {
                    "PiPHP\\GPIO\\": "src/"
                }
            },
            "notification-url": "https://packagist.org/downloads/",
            "license": [
                "MIT"
            ],
            "authors": [
                {
                    "name": "Andrew Carter",
                    "email": "andrewcarter1992@gmail.com"
                }
            ],
            "description": "A library for accessing the GPIO pins on a Raspberry Pi",
            "keywords": [
                "GPIO",
                "pi",
                "pin",
                "pins",
                "raspberry"
            ],
            "support": {
                "issues": "https://github.com/PiPHP/GPIO/issues",
                "source": "https://github.com/PiPHP/GPIO/tree/master"
            },
            "time": "2020-08-24T13:50:12+00:00"
        }
    ],
    "packages-dev": [],
    "aliases": [],
    "minimum-stability": "stable",
    "stability-flags": [],
    "prefer-stable": false,
    "prefer-lowest": false,
    "platform": [],
    "platform-dev": [],
    "plugin-api-version": "2.3.0"
}
