{
  "name": "Controller",
  "lockfileVersion": 3,
  "requires": true,
  "packages": {
    "": {
      "dependencies": {
        "gamepad.js": "^2.1.0"
      }
    },
    "node_modules/gamepad.js": {
      "version": "2.1.0",
      "resolved": "https://registry.npmjs.org/gamepad.js/-/gamepad.js-2.1.0.tgz",
      "integrity": "sha512-DmOuDwT4nYH7+whhtZOTdNTXq3AFL8n2YZCoa10AkKHBa8Dh28dUTQudH0fH8kJAbOZbcYkyiFWp6x7HroT5IA==",
      "dependencies": {
        "option-resolver.js": "^1.1.0",
        "tom32i-event-emitter.js": "^2.0.5"
      }
    },
    "node_modules/option-resolver.js": {
      "version": "1.1.0",
      "resolved": "https://registry.npmjs.org/option-resolver.js/-/option-resolver.js-1.1.0.tgz",
      "integrity": "sha512-gckuegIqAloPysPLK/mN3S88IcKfvPbSZntfpyqThbCKoPDmcC5kVM/2qpXglhrpab7GdWdd63XrttzTSMHUiw=="
    },
    "node_modules/tom32i-event-emitter.js": {
      "version": "2.0.5",
      "resolved": "https://registry.npmjs.org/tom32i-event-emitter.js/-/tom32i-event-emitter.js-2.0.5.tgz",
      "integrity": "sha512-7wYTrHfV3gWRZXZQniMLOO5hh01szsTVulTWwcNheESvRUrveQCKKEz2YMceYQZdfpmXMC8PGpzOpUcnfXSXiw=="
    }
  }
}
